
Microsoft Visual Studio Solution File, Format Version 12.00
# Visual Studio Version 17
VisualStudioVersion = 17.10.35027.167
MinimumVisualStudioVersion = 10.0.40219.1
Project("{FAE04EC0-301F-11D3-BF4B-00C04F79EFBC}") = "Keep Asleep", "Keep Asleep.csproj", "{1F5DAEB4-234A-48A4-9587-8300E7ACF030}"
EndProject
Global
	GlobalSection(SolutionConfigurationPlatforms) = preSolution
		Debug|Any CPU = Debug|Any CPU
		Release|Any CPU = Release|Any CPU
	EndGlobalSection
	GlobalSection(ProjectConfigurationPlatforms) = postSolution
		{1F5DAEB4-234A-48A4-9587-8300E7ACF030}.Debug|Any CPU.ActiveCfg = Debug|Any CPU
		{1F5DAEB4-234A-48A4-9587-8300E7ACF030}.Debug|Any CPU.Build.0 = Debug|Any CPU
		{1F5DAEB4-234A-48A4-9587-8300E7ACF030}.Release|Any CPU.ActiveCfg = Release|Any CPU
		{1F5DAEB4-234A-48A4-9587-8300E7ACF030}.Release|Any CPU.Build.0 = Release|Any CPU
	EndGlobalSection
	GlobalSection(SolutionProperties) = preSolution
		HideSolutionNode = FALSE
	EndGlobalSection
	GlobalSection(ExtensibilityGlobals) = postSolution
		SolutionGuid = {CCBA7330-2A73-406A-A646-9820066ABC78}
	EndGlobalSection
EndGlobal
